
Microsoft Visual Studio Solution File, Format Version 12.00
# Visual Studio Version 16
VisualStudioVersion = 16.0.30406.217
MinimumVisualStudioVersion = 10.0.40219.1
Project("{FAE04EC0-301F-11D3-BF4B-00C04F79EFBC}") = "Lab1", "Lab1\Lab1.csproj", "{9EDFB4B6-4878-47C3-A0EB-43ADEF62B4BA}"
EndProject
Global
	GlobalSection(SolutionConfigurationPlatforms) = preSolution
		Debug|Any CPU = Debug|Any CPU
		Release|Any CPU = Release|Any CPU
	EndGlobalSection
	GlobalSection(ProjectConfigurationPlatforms) = postSolution
		{9EDFB4B6-4878-47C3-A0EB-43ADEF62B4BA}.Debug|Any CPU.ActiveCfg = Debug|Any CPU
		{9EDFB4B6-4878-47C3-A0EB-43ADEF62B4BA}.Debug|Any CPU.Build.0 = Debug|Any CPU
		{9EDFB4B6-4878-47C3-A0EB-43ADEF62B4BA}.Release|Any CPU.ActiveCfg = Release|Any CPU
		{9EDFB4B6-4878-47C3-A0EB-43ADEF62B4BA}.Release|Any CPU.Build.0 = Release|Any CPU
	EndGlobalSection
	GlobalSection(SolutionProperties) = preSolution
		HideSolutionNode = FALSE
	EndGlobalSection
	GlobalSection(ExtensibilityGlobals) = postSolution
		SolutionGuid = {A6DC5C68-A0E4-4C84-86ED-D5F8CE547F77}
	EndGlobalSection
EndGlobal
